// !$*UTF8*$!
{
	archiveVersion = 1;
	classes = {
	};
	objectVersion = 77;
	objects = {

/* Begin PBXBuildFile section */
		3789E6CB2D0AE5CD005C3970 /* ClarityTube Extension.appex in Embed Foundation Extensions */ = {isa = PBXBuildFile; fileRef = 3789E6CA2D0AE5CD005C3970 /* ClarityTube Extension.appex */; settings = {ATTRIBUTES = (RemoveHeadersOnCopy, ); }; };
		3789E6D52D0AE5CD005C3970 /* ClarityTube Extension.appex in Embed Foundation Extensions */ = {isa = PBXBuildFile; fileRef = 3789E6D42D0AE5CD005C3970 /* ClarityTube Extension.appex */; settings = {ATTRIBUTES = (RemoveHeadersOnCopy, ); }; };
/* End PBXBuildFile section */

/* Begin PBXContainerItemProxy section */
		3789E6CC2D0AE5CD005C3970 /* PBXContainerItemProxy */ = {
			isa = PBXContainerItemProxy;
			containerPortal = 3789E6902D0AE5CB005C3970 /* Project object */;
			proxyType = 1;
			remoteGlobalIDString = 3789E6C92D0AE5CD005C3970;
			remoteInfo = "ClarityTube Extension (iOS)";
		};
		3789E6D62D0AE5CD005C3970 /* PBXContainerItemProxy */ = {
			isa = PBXContainerItemProxy;
			containerPortal = 3789E6902D0AE5CB005C3970 /* Project object */;
			proxyType = 1;
			remoteGlobalIDString = 3789E6D32D0AE5CD005C3970;
			remoteInfo = "ClarityTube Extension (macOS)";
		};
/* End PBXContainerItemProxy section */

/* Begin PBXCopyFilesBuildPhase section */
		3789E6FE2D0AE5CD005C3970 /* Embed Foundation Extensions */ = {
			isa = PBXCopyFilesBuildPhase;
			buildActionMask = 2147483647;
			dstPath = "";
			dstSubfolderSpec = 13;
			files = (
				3789E6CB2D0AE5CD005C3970 /* ClarityTube Extension.appex in Embed Foundation Extensions */,
			);
			name = "Embed Foundation Extensions";
			runOnlyForDeploymentPostprocessing = 0;
		};
		3789E7082D0AE5CD005C3970 /* Embed Foundation Extensions */ = {
			isa = PBXCopyFilesBuildPhase;
			buildActionMask = 2147483647;
			dstPath = "";
			dstSubfolderSpec = 13;
			files = (
				3789E6D52D0AE5CD005C3970 /* ClarityTube Extension.appex in Embed Foundation Extensions */,
			);
			name = "Embed Foundation Extensions";
			runOnlyForDeploymentPostprocessing = 0;
		};
/* End PBXCopyFilesBuildPhase section */

/* Begin PBXFileReference section */
		3789E6AC2D0AE5CD005C3970 /* ClarityTube.app */ = {isa = PBXFileReference; explicitFileType = wrapper.application; includeInIndex = 0; path = ClarityTube.app; sourceTree = BUILT_PRODUCTS_DIR; };
		3789E6BE2D0AE5CD005C3970 /* ClarityTube.app */ = {isa = PBXFileReference; explicitFileType = wrapper.application; includeInIndex = 0; path = ClarityTube.app; sourceTree = BUILT_PRODUCTS_DIR; };
		3789E6CA2D0AE5CD005C3970 /* ClarityTube Extension.appex */ = {isa = PBXFileReference; explicitFileType = "wrapper.app-extension"; includeInIndex = 0; path = "ClarityTube Extension.appex"; sourceTree = BUILT_PRODUCTS_DIR; };
		3789E6D42D0AE5CD005C3970 /* ClarityTube Extension.appex */ = {isa = PBXFileReference; explicitFileType = "wrapper.app-extension"; includeInIndex = 0; path = "ClarityTube Extension.appex"; sourceTree = BUILT_PRODUCTS_DIR; };
/* End PBXFileReference section */

/* Begin PBXFileSystemSynchronizedBuildFileExceptionSet section */
		3789E6F92D0AE5CD005C3970 /* Exceptions for "Shared (App)" folder in "ClarityTube (iOS)" target */ = {
			isa = PBXFileSystemSynchronizedBuildFileExceptionSet;
			membershipExceptions = (
				"/Localized: Resources/Main.html",
				Assets.xcassets,
				ContentView.swift,
				Resources/Icon.png,
				Resources/Script.js,
				Resources/Style.css,
				ViewController.swift,
			);
			target = 3789E6AB2D0AE5CD005C3970 /* ClarityTube (iOS) */;
		};
		3789E6FD2D0AE5CD005C3970 /* Exceptions for "iOS (Extension)" folder in "ClarityTube Extension (iOS)" target */ = {
			isa = PBXFileSystemSynchronizedBuildFileExceptionSet;
			membershipExceptions = (
				Info.plist,
			);
			target = 3789E6C92D0AE5CD005C3970 /* ClarityTube Extension (iOS) */;
		};
		3789E7022D0AE5CD005C3970 /* Exceptions for "iOS (App)" folder in "ClarityTube (iOS)" target */ = {
			isa = PBXFileSystemSynchronizedBuildFileExceptionSet;
			membershipExceptions = (
				Info.plist,
			);
			target = 3789E6AB2D0AE5CD005C3970 /* ClarityTube (iOS) */;
		};
		3789E7032D0AE5CD005C3970 /* Exceptions for "Shared (App)" folder in "ClarityTube (macOS)" target */ = {
			isa = PBXFileSystemSynchronizedBuildFileExceptionSet;
			membershipExceptions = (
				"/Localized: Resources/Main.html",
				Assets.xcassets,
				ContentView.swift,
				Resources/Icon.png,
				Resources/Script.js,
				Resources/Style.css,
				ViewController.swift,
			);
			target = 3789E6BD2D0AE5CD005C3970 /* ClarityTube (macOS) */;
		};
		3789E7072D0AE5CD005C3970 /* Exceptions for "macOS (Extension)" folder in "ClarityTube Extension (macOS)" target */ = {
			isa = PBXFileSystemSynchronizedBuildFileExceptionSet;
			membershipExceptions = (
				Info.plist,
			);
			target = 3789E6D32D0AE5CD005C3970 /* ClarityTube Extension (macOS) */;
		};
		3789E70C2D0AE5CD005C3970 /* Exceptions for "Shared (Extension)" folder in "ClarityTube Extension (iOS)" target */ = {
			isa = PBXFileSystemSynchronizedBuildFileExceptionSet;
			membershipExceptions = (
				Resources/_locales,
				Resources/background.js,
				Resources/content.css,
				Resources/content.js,
				Resources/images,
				Resources/manifest.json,
				Resources/popup.css,
				Resources/popup.html,
				Resources/popup.js,
				SafariWebExtensionHandler.swift,
			);
			target = 3789E6C92D0AE5CD005C3970 /* ClarityTube Extension (iOS) */;
		};
		3789E70D2D0AE5CD005C3970 /* Exceptions for "Shared (Extension)" folder in "ClarityTube Extension (macOS)" target */ = {
			isa = PBXFileSystemSynchronizedBuildFileExceptionSet;
			membershipExceptions = (
				Resources/_locales,
				Resources/background.js,
				Resources/content.css,
				Resources/content.js,
				Resources/images,
				Resources/manifest.json,
				Resources/popup.css,
				Resources/popup.html,
				Resources/popup.js,
				SafariWebExtensionHandler.swift,
			);
			target = 3789E6D32D0AE5CD005C3970 /* ClarityTube Extension (macOS) */;
		};
/* End PBXFileSystemSynchronizedBuildFileExceptionSet section */

/* Begin PBXFileSystemSynchronizedRootGroup section */
		3789E6942D0AE5CB005C3970 /* Shared (App) */ = {
			isa = PBXFileSystemSynchronizedRootGroup;
			exceptions = (
				3789E6F92D0AE5CD005C3970 /* Exceptions for "Shared (App)" folder in "ClarityTube (iOS)" target */,
				3789E7032D0AE5CD005C3970 /* Exceptions for "Shared (App)" folder in "ClarityTube (macOS)" target */,
			);
			path = "Shared (App)";
			sourceTree = "<group>";
		};
		3789E69D2D0AE5CD005C3970 /* Shared (Extension) */ = {
			isa = PBXFileSystemSynchronizedRootGroup;
			exceptions = (
				3789E70C2D0AE5CD005C3970 /* Exceptions for "Shared (Extension)" folder in "ClarityTube Extension (iOS)" target */,
				3789E70D2D0AE5CD005C3970 /* Exceptions for "Shared (Extension)" folder in "ClarityTube Extension (macOS)" target */,
			);
			explicitFolders = (
				Resources/_locales,
				Resources/images,
			);
			path = "Shared (Extension)";
			sourceTree = "<group>";
		};
		3789E6AE2D0AE5CD005C3970 /* iOS (App) */ = {
			isa = PBXFileSystemSynchronizedRootGroup;
			exceptions = (
				3789E7022D0AE5CD005C3970 /* Exceptions for "iOS (App)" folder in "ClarityTube (iOS)" target */,
			);
			path = "iOS (App)";
			sourceTree = "<group>";
		};
		3789E6BF2D0AE5CD005C3970 /* macOS (App) */ = {
			isa = PBXFileSystemSynchronizedRootGroup;
			path = "macOS (App)";
			sourceTree = "<group>";
		};
		3789E6CE2D0AE5CD005C3970 /* iOS (Extension) */ = {
			isa = PBXFileSystemSynchronizedRootGroup;
			exceptions = (
				3789E6FD2D0AE5CD005C3970 /* Exceptions for "iOS (Extension)" folder in "ClarityTube Extension (iOS)" target */,
			);
			path = "iOS (Extension)";
			sourceTree = "<group>";
		};
		3789E6D82D0AE5CD005C3970 /* macOS (Extension) */ = {
			isa = PBXFileSystemSynchronizedRootGroup;
			exceptions = (
				3789E7072D0AE5CD005C3970 /* Exceptions for "macOS (Extension)" folder in "ClarityTube Extension (macOS)" target */,
			);
			path = "macOS (Extension)";
			sourceTree = "<group>";
		};
/* End PBXFileSystemSynchronizedRootGroup section */

/* Begin PBXFrameworksBuildPhase section */
		3789E6A92D0AE5CD005C3970 /* Frameworks */ = {
			isa = PBXFrameworksBuildPhase;
			buildActionMask = 2147483647;
			files = (
			);
			runOnlyForDeploymentPostprocessing = 0;
		};
		3789E6BB2D0AE5CD005C3970 /* Frameworks */ = {
			isa = PBXFrameworksBuildPhase;
			buildActionMask = 2147483647;
			files = (
			);
			runOnlyForDeploymentPostprocessing = 0;
		};
		3789E6C72D0AE5CD005C3970 /* Frameworks */ = {
			isa = PBXFrameworksBuildPhase;
			buildActionMask = 2147483647;
			files = (
			);
			runOnlyForDeploymentPostprocessing = 0;
		};
		3789E6D12D0AE5CD005C3970 /* Frameworks */ = {
			isa = PBXFrameworksBuildPhase;
			buildActionMask = 2147483647;
			files = (
			);
			runOnlyForDeploymentPostprocessing = 0;
		};
/* End PBXFrameworksBuildPhase section */

/* Begin PBXGroup section */
		3789E68F2D0AE5CB005C3970 = {
			isa = PBXGroup;
			children = (
				3789E6942D0AE5CB005C3970 /* Shared (App) */,
				3789E69D2D0AE5CD005C3970 /* Shared (Extension) */,
				3789E6AE2D0AE5CD005C3970 /* iOS (App) */,
				3789E6BF2D0AE5CD005C3970 /* macOS (App) */,
				3789E6CE2D0AE5CD005C3970 /* iOS (Extension) */,
				3789E6D82D0AE5CD005C3970 /* macOS (Extension) */,
				3789E6AD2D0AE5CD005C3970 /* Products */,
			);
			sourceTree = "<group>";
		};
		3789E6AD2D0AE5CD005C3970 /* Products */ = {
			isa = PBXGroup;
			children = (
				3789E6AC2D0AE5CD005C3970 /* ClarityTube.app */,
				3789E6BE2D0AE5CD005C3970 /* ClarityTube.app */,
				3789E6CA2D0AE5CD005C3970 /* ClarityTube Extension.appex */,
				3789E6D42D0AE5CD005C3970 /* ClarityTube Extension.appex */,
			);
			name = Products;
			sourceTree = "<group>";
		};
/* End PBXGroup section */

/* Begin PBXNativeTarget section */
		3789E6AB2D0AE5CD005C3970 /* ClarityTube (iOS) */ = {
			isa = PBXNativeTarget;
			buildConfigurationList = 3789E6FF2D0AE5CD005C3970 /* Build configuration list for PBXNativeTarget "ClarityTube (iOS)" */;
			buildPhases = (
				3789E6A82D0AE5CD005C3970 /* Sources */,
				3789E6A92D0AE5CD005C3970 /* Frameworks */,
				3789E6AA2D0AE5CD005C3970 /* Resources */,
				3789E6FE2D0AE5CD005C3970 /* Embed Foundation Extensions */,
			);
			buildRules = (
			);
			dependencies = (
				3789E6CD2D0AE5CD005C3970 /* PBXTargetDependency */,
			);
			fileSystemSynchronizedGroups = (
				3789E6AE2D0AE5CD005C3970 /* iOS (App) */,
			);
			name = "ClarityTube (iOS)";
			packageProductDependencies = (
			);
			productName = "ClarityTube (iOS)";
			productReference = 3789E6AC2D0AE5CD005C3970 /* ClarityTube.app */;
			productType = "com.apple.product-type.application";
		};
		3789E6BD2D0AE5CD005C3970 /* ClarityTube (macOS) */ = {
			isa = PBXNativeTarget;
			buildConfigurationList = 3789E7092D0AE5CD005C3970 /* Build configuration list for PBXNativeTarget "ClarityTube (macOS)" */;
			buildPhases = (
				3789E6BA2D0AE5CD005C3970 /* Sources */,
				3789E6BB2D0AE5CD005C3970 /* Frameworks */,
				3789E6BC2D0AE5CD005C3970 /* Resources */,
				3789E7082D0AE5CD005C3970 /* Embed Foundation Extensions */,
			);
			buildRules = (
			);
			dependencies = (
				3789E6D72D0AE5CD005C3970 /* PBXTargetDependency */,
			);
			fileSystemSynchronizedGroups = (
				3789E6BF2D0AE5CD005C3970 /* macOS (App) */,
			);
			name = "ClarityTube (macOS)";
			packageProductDependencies = (
			);
			productName = "ClarityTube (macOS)";
			productReference = 3789E6BE2D0AE5CD005C3970 /* ClarityTube.app */;
			productType = "com.apple.product-type.application";
		};
		3789E6C92D0AE5CD005C3970 /* ClarityTube Extension (iOS) */ = {
			isa = PBXNativeTarget;
			buildConfigurationList = 3789E6FA2D0AE5CD005C3970 /* Build configuration list for PBXNativeTarget "ClarityTube Extension (iOS)" */;
			buildPhases = (
				3789E6C62D0AE5CD005C3970 /* Sources */,
				3789E6C72D0AE5CD005C3970 /* Frameworks */,
				3789E6C82D0AE5CD005C3970 /* Resources */,
			);
			buildRules = (
			);
			dependencies = (
			);
			fileSystemSynchronizedGroups = (
				3789E6CE2D0AE5CD005C3970 /* iOS (Extension) */,
			);
			name = "ClarityTube Extension (iOS)";
			packageProductDependencies = (
			);
			productName = "ClarityTube Extension (iOS)";
			productReference = 3789E6CA2D0AE5CD005C3970 /* ClarityTube Extension.appex */;
			productType = "com.apple.product-type.app-extension";
		};
		3789E6D32D0AE5CD005C3970 /* ClarityTube Extension (macOS) */ = {
			isa = PBXNativeTarget;
			buildConfigurationList = 3789E7042D0AE5CD005C3970 /* Build configuration list for PBXNativeTarget "ClarityTube Extension (macOS)" */;
			buildPhases = (
				3789E6D02D0AE5CD005C3970 /* Sources */,
				3789E6D12D0AE5CD005C3970 /* Frameworks */,
				3789E6D22D0AE5CD005C3970 /* Resources */,
			);
			buildRules = (
			);
			dependencies = (
			);
			fileSystemSynchronizedGroups = (
				3789E6D82D0AE5CD005C3970 /* macOS (Extension) */,
			);
			name = "ClarityTube Extension (macOS)";
			packageProductDependencies = (
			);
			productName = "ClarityTube Extension (macOS)";
			productReference = 3789E6D42D0AE5CD005C3970 /* ClarityTube Extension.appex */;
			productType = "com.apple.product-type.app-extension";
		};
/* End PBXNativeTarget section */

/* Begin PBXProject section */
		3789E6902D0AE5CB005C3970 /* Project object */ = {
			isa = PBXProject;
			attributes = {
				BuildIndependentTargetsInParallel = 1;
				LastSwiftUpdateCheck = 1620;
				LastUpgradeCheck = 1620;
				TargetAttributes = {
					3789E6AB2D0AE5CD005C3970 = {
						CreatedOnToolsVersion = 16.2;
					};
					3789E6BD2D0AE5CD005C3970 = {
						CreatedOnToolsVersion = 16.2;
					};
					3789E6C92D0AE5CD005C3970 = {
						CreatedOnToolsVersion = 16.2;
					};
					3789E6D32D0AE5CD005C3970 = {
						CreatedOnToolsVersion = 16.2;
					};
				};
			};
			buildConfigurationList = 3789E6932D0AE5CB005C3970 /* Build configuration list for PBXProject "ClarityTube" */;
			developmentRegion = en;
			hasScannedForEncodings = 0;
			knownRegions = (
				en,
				Base,
			);
			mainGroup = 3789E68F2D0AE5CB005C3970;
			minimizedProjectReferenceProxies = 1;
			preferredProjectObjectVersion = 77;
			productRefGroup = 3789E6AD2D0AE5CD005C3970 /* Products */;
			projectDirPath = "";
			projectRoot = "";
			targets = (
				3789E6AB2D0AE5CD005C3970 /* ClarityTube (iOS) */,
				3789E6BD2D0AE5CD005C3970 /* ClarityTube (macOS) */,
				3789E6C92D0AE5CD005C3970 /* ClarityTube Extension (iOS) */,
				3789E6D32D0AE5CD005C3970 /* ClarityTube Extension (macOS) */,
			);
		};
/* End PBXProject section */

/* Begin PBXResourcesBuildPhase section */
		3789E6AA2D0AE5CD005C3970 /* Resources */ = {
			isa = PBXResourcesBuildPhase;
			buildActionMask = 2147483647;
			files = (
			);
			runOnlyForDeploymentPostprocessing = 0;
		};
		3789E6BC2D0AE5CD005C3970 /* Resources */ = {
			isa = PBXResourcesBuildPhase;
			buildActionMask = 2147483647;
			files = (
			);
			runOnlyForDeploymentPostprocessing = 0;
		};
		3789E6C82D0AE5CD005C3970 /* Resources */ = {
			isa = PBXResourcesBuildPhase;
			buildActionMask = 2147483647;
			files = (
			);
			runOnlyForDeploymentPostprocessing = 0;
		};
		3789E6D22D0AE5CD005C3970 /* Resources */ = {
			isa = PBXResourcesBuildPhase;
			buildActionMask = 2147483647;
			files = (
			);
			runOnlyForDeploymentPostprocessing = 0;
		};
/* End PBXResourcesBuildPhase section */

/* Begin PBXSourcesBuildPhase section */
		3789E6A82D0AE5CD005C3970 /* Sources */ = {
			isa = PBXSourcesBuildPhase;
			buildActionMask = 2147483647;
			files = (
			);
			runOnlyForDeploymentPostprocessing = 0;
		};
		3789E6BA2D0AE5CD005C3970 /* Sources */ = {
			isa = PBXSourcesBuildPhase;
			buildActionMask = 2147483647;
			files = (
			);
			runOnlyForDeploymentPostprocessing = 0;
		};
		3789E6C62D0AE5CD005C3970 /* Sources */ = {
			isa = PBXSourcesBuildPhase;
			buildActionMask = 2147483647;
			files = (
			);
			runOnlyForDeploymentPostprocessing = 0;
		};
		3789E6D02D0AE5CD005C3970 /* Sources */ = {
			isa = PBXSourcesBuildPhase;
			buildActionMask = 2147483647;
			files = (
			);
			runOnlyForDeploymentPostprocessing = 0;
		};
/* End PBXSourcesBuildPhase section */

/* Begin PBXTargetDependency section */
		3789E6CD2D0AE5CD005C3970 /* PBXTargetDependency */ = {
			isa = PBXTargetDependency;
			target = 3789E6C92D0AE5CD005C3970 /* ClarityTube Extension (iOS) */;
			targetProxy = 3789E6CC2D0AE5CD005C3970 /* PBXContainerItemProxy */;
		};
		3789E6D72D0AE5CD005C3970 /* PBXTargetDependency */ = {
			isa = PBXTargetDependency;
			target = 3789E6D32D0AE5CD005C3970 /* ClarityTube Extension (macOS) */;
			targetProxy = 3789E6D62D0AE5CD005C3970 /* PBXContainerItemProxy */;
		};
/* End PBXTargetDependency section */

/* Begin XCBuildConfiguration section */
		3789E6FB2D0AE5CD005C3970 /* Debug */ = {
			isa = XCBuildConfiguration;
			buildSettings = {
				CODE_SIGN_STYLE = Automatic;
				CURRENT_PROJECT_VERSION = 1;
				DEVELOPMENT_TEAM = 3D4Z37YWAJ;
				GENERATE_INFOPLIST_FILE = YES;
				INFOPLIST_FILE = "iOS (Extension)/Info.plist";
				INFOPLIST_KEY_CFBundleDisplayName = "ClarityTube Extension";
				INFOPLIST_KEY_NSHumanReadableCopyright = "";
				IPHONEOS_DEPLOYMENT_TARGET = 15.0;
				LD_RUNPATH_SEARCH_PATHS = (
					"$(inherited)",
					"@executable_path/Frameworks",
					"@executable_path/../../Frameworks",
				);
				MARKETING_VERSION = 1.0;
				OTHER_LDFLAGS = (
					"-framework",
					SafariServices,
				);
				PRODUCT_BUNDLE_IDENTIFIER = com.ManasGoyal.ClarityTube.ClarityTube.Extension;
				PRODUCT_NAME = "ClarityTube Extension";
				SDKROOT = iphoneos;
				SKIP_INSTALL = YES;
				SWIFT_EMIT_LOC_STRINGS = YES;
				SWIFT_VERSION = 5.0;
				TARGETED_DEVICE_FAMILY = "1,2";
			};
			name = Debug;
		};
		3789E6FC2D0AE5CD005C3970 /* Release */ = {
			isa = XCBuildConfiguration;
			buildSettings = {
				CODE_SIGN_STYLE = Automatic;
				CURRENT_PROJECT_VERSION = 1;
				DEVELOPMENT_TEAM = 3D4Z37YWAJ;
				GENERATE_INFOPLIST_FILE = YES;
				INFOPLIST_FILE = "iOS (Extension)/Info.plist";
				INFOPLIST_KEY_CFBundleDisplayName = "ClarityTube Extension";
				INFOPLIST_KEY_NSHumanReadableCopyright = "";
				IPHONEOS_DEPLOYMENT_TARGET = 15.0;
				LD_RUNPATH_SEARCH_PATHS = (
					"$(inherited)",
					"@executable_path/Frameworks",
					"@executable_path/../../Frameworks",
				);
				MARKETING_VERSION = 1.0;
				OTHER_LDFLAGS = (
					"-framework",
					SafariServices,
				);
				PRODUCT_BUNDLE_IDENTIFIER = com.ManasGoyal.ClarityTube.ClarityTube.Extension;
				PRODUCT_NAME = "ClarityTube Extension";
				SDKROOT = iphoneos;
				SKIP_INSTALL = YES;
				SWIFT_EMIT_LOC_STRINGS = YES;
				SWIFT_VERSION = 5.0;
				TARGETED_DEVICE_FAMILY = "1,2";
				VALIDATE_PRODUCT = YES;
			};
			name = Release;
		};
		3789E7002D0AE5CD005C3970 /* Debug */ = {
			isa = XCBuildConfiguration;
			buildSettings = {
				ASSETCATALOG_COMPILER_APPICON_NAME = AppIcon;
				ASSETCATALOG_COMPILER_GLOBAL_ACCENT_COLOR_NAME = AccentColor;
				CODE_SIGN_STYLE = Automatic;
				CURRENT_PROJECT_VERSION = 1;
				DEVELOPMENT_TEAM = 3D4Z37YWAJ;
				GENERATE_INFOPLIST_FILE = YES;
				INFOPLIST_FILE = "iOS (App)/Info.plist";
				INFOPLIST_KEY_CFBundleDisplayName = ClarityTube;
				INFOPLIST_KEY_UIApplicationSupportsIndirectInputEvents = YES;
				INFOPLIST_KEY_UILaunchStoryboardName = LaunchScreen;
				INFOPLIST_KEY_UIMainStoryboardFile = Main;
				INFOPLIST_KEY_UISupportedInterfaceOrientations = "UIInterfaceOrientationPortrait UIInterfaceOrientationLandscapeLeft UIInterfaceOrientationLandscapeRight";
				INFOPLIST_KEY_UISupportedInterfaceOrientations_iPad = "UIInterfaceOrientationPortrait UIInterfaceOrientationPortraitUpsideDown UIInterfaceOrientationLandscapeLeft UIInterfaceOrientationLandscapeRight";
				IPHONEOS_DEPLOYMENT_TARGET = 15.0;
				LD_RUNPATH_SEARCH_PATHS = (
					"$(inherited)",
					"@executable_path/Frameworks",
				);
				MACOSX_DEPLOYMENT_TARGET = 12.4;
				MARKETING_VERSION = 1.0;
				OTHER_LDFLAGS = (
					"-framework",
					SafariServices,
					"-framework",
					WebKit,
				);
				PRODUCT_BUNDLE_IDENTIFIER = com.ManasGoyal.ClarityTube.ClarityTube;
				PRODUCT_NAME = ClarityTube;
				REGISTER_APP_GROUPS = NO;
				SDKROOT = iphoneos;
				SUPPORTED_PLATFORMS = "iphoneos iphonesimulator";
				SUPPORTS_MACCATALYST = NO;
				SUPPORTS_MAC_DESIGNED_FOR_IPHONE_IPAD = NO;
				SWIFT_EMIT_LOC_STRINGS = YES;
				SWIFT_VERSION = 5.0;
				TARGETED_DEVICE_FAMILY = "1,2";
			};
			name = Debug;
		};
		3789E7012D0AE5CD005C3970 /* Release */ = {
			isa = XCBuildConfiguration;
			buildSettings = {
				ASSETCATALOG_COMPILER_APPICON_NAME = AppIcon;
				ASSETCATALOG_COMPILER_GLOBAL_ACCENT_COLOR_NAME = AccentColor;
				CODE_SIGN_STYLE = Automatic;
				CURRENT_PROJECT_VERSION = 1;
				DEVELOPMENT_TEAM = 3D4Z37YWAJ;
				GENERATE_INFOPLIST_FILE = YES;
				INFOPLIST_FILE = "iOS (App)/Info.plist";
				INFOPLIST_KEY_CFBundleDisplayName = ClarityTube;
				INFOPLIST_KEY_UIApplicationSupportsIndirectInputEvents = YES;
				INFOPLIST_KEY_UILaunchStoryboardName = LaunchScreen;
				INFOPLIST_KEY_UIMainStoryboardFile = Main;
				INFOPLIST_KEY_UISupportedInterfaceOrientations = "UIInterfaceOrientationPortrait UIInterfaceOrientationLandscapeLeft UIInterfaceOrientationLandscapeRight";
				INFOPLIST_KEY_UISupportedInterfaceOrientations_iPad = "UIInterfaceOrientationPortrait UIInterfaceOrientationPortraitUpsideDown UIInterfaceOrientationLandscapeLeft UIInterfaceOrientationLandscapeRight";
				IPHONEOS_DEPLOYMENT_TARGET = 15.0;
				LD_RUNPATH_SEARCH_PATHS = (
					"$(inherited)",
					"@executable_path/Frameworks",
				);
				MACOSX_DEPLOYMENT_TARGET = 12.4;
				MARKETING_VERSION = 1.0;
				OTHER_LDFLAGS = (
					"-framework",
					SafariServices,
					"-framework",
					WebKit,
				);
				PRODUCT_BUNDLE_IDENTIFIER = com.ManasGoyal.ClarityTube.ClarityTube;
				PRODUCT_NAME = ClarityTube;
				REGISTER_APP_GROUPS = NO;
				SDKROOT = iphoneos;
				SUPPORTED_PLATFORMS = "iphoneos iphonesimulator";
				SUPPORTS_MACCATALYST = NO;
				SUPPORTS_MAC_DESIGNED_FOR_IPHONE_IPAD = NO;
				SWIFT_EMIT_LOC_STRINGS = YES;
				SWIFT_VERSION = 5.0;
				TARGETED_DEVICE_FAMILY = "1,2";
				VALIDATE_PRODUCT = YES;
			};
			name = Release;
		};
		3789E7052D0AE5CD005C3970 /* Debug */ = {
			isa = XCBuildConfiguration;
			buildSettings = {
				CODE_SIGN_ENTITLEMENTS = "macOS (Extension)/ClarityTube.entitlements";
				CODE_SIGN_STYLE = Automatic;
				CURRENT_PROJECT_VERSION = 1;
				DEVELOPMENT_TEAM = 3D4Z37YWAJ;
				ENABLE_HARDENED_RUNTIME = YES;
				GENERATE_INFOPLIST_FILE = YES;
				INFOPLIST_FILE = "macOS (Extension)/Info.plist";
				INFOPLIST_KEY_CFBundleDisplayName = "ClarityTube Extension";
				INFOPLIST_KEY_NSHumanReadableCopyright = "";
				LD_RUNPATH_SEARCH_PATHS = (
					"$(inherited)",
					"@executable_path/../Frameworks",
					"@executable_path/../../../../Frameworks",
				);
				MACOSX_DEPLOYMENT_TARGET = 13.5;
				MARKETING_VERSION = 1.0;
				OTHER_LDFLAGS = (
					"-framework",
					SafariServices,
				);
				PRODUCT_BUNDLE_IDENTIFIER = com.ManasGoyal.ClarityTube.ClarityTube.Extension;
				PRODUCT_NAME = "ClarityTube Extension";
				SDKROOT = macosx;
				SKIP_INSTALL = YES;
				SWIFT_EMIT_LOC_STRINGS = YES;
				SWIFT_VERSION = 5.0;
			};
			name = Debug;
		};
		3789E7062D0AE5CD005C3970 /* Release */ = {
			isa = XCBuildConfiguration;
			buildSettings = {
				CODE_SIGN_ENTITLEMENTS = "macOS (Extension)/ClarityTube.entitlements";
				CODE_SIGN_STYLE = Automatic;
				CURRENT_PROJECT_VERSION = 1;
				DEVELOPMENT_TEAM = 3D4Z37YWAJ;
				ENABLE_HARDENED_RUNTIME = YES;
				GENERATE_INFOPLIST_FILE = YES;
				INFOPLIST_FILE = "macOS (Extension)/Info.plist";
				INFOPLIST_KEY_CFBundleDisplayName = "ClarityTube Extension";
				INFOPLIST_KEY_NSHumanReadableCopyright = "";
				LD_RUNPATH_SEARCH_PATHS = (
					"$(inherited)",
					"@executable_path/../Frameworks",
					"@executable_path/../../../../Frameworks",
				);
				MACOSX_DEPLOYMENT_TARGET = 13.5;
				MARKETING_VERSION = 1.0;
				OTHER_LDFLAGS = (
					"-framework",
					SafariServices,
				);
				PRODUCT_BUNDLE_IDENTIFIER = com.ManasGoyal.ClarityTube.ClarityTube.Extension;
				PRODUCT_NAME = "ClarityTube Extension";
				SDKROOT = macosx;
				SKIP_INSTALL = YES;
				SWIFT_EMIT_LOC_STRINGS = YES;
				SWIFT_VERSION = 5.0;
			};
			name = Release;
		};
		3789E70A2D0AE5CD005C3970 /* Debug */ = {
			isa = XCBuildConfiguration;
			buildSettings = {
				ASSETCATALOG_COMPILER_APPICON_NAME = AppIcon;
				ASSETCATALOG_COMPILER_GLOBAL_ACCENT_COLOR_NAME = AccentColor;
				CODE_SIGN_ENTITLEMENTS = "macOS (App)/ClarityTube.entitlements";
				CODE_SIGN_STYLE = Automatic;
				CURRENT_PROJECT_VERSION = 1;
				DEVELOPMENT_TEAM = 3D4Z37YWAJ;
				ENABLE_HARDENED_RUNTIME = YES;
				GENERATE_INFOPLIST_FILE = YES;
				INFOPLIST_KEY_CFBundleDisplayName = ClarityTube;
				INFOPLIST_KEY_NSMainStoryboardFile = Main;
				INFOPLIST_KEY_NSPrincipalClass = NSApplication;
				LD_RUNPATH_SEARCH_PATHS = (
					"$(inherited)",
					"@executable_path/../Frameworks",
				);
				MACOSX_DEPLOYMENT_TARGET = 13.5;
				MARKETING_VERSION = 1.0;
				OTHER_LDFLAGS = (
					"-framework",
					SafariServices,
					"-framework",
					WebKit,
				);
				PRODUCT_BUNDLE_IDENTIFIER = com.ManasGoyal.ClarityTube.ClarityTube;
				PRODUCT_NAME = ClarityTube;
				SDKROOT = macosx;
				SWIFT_EMIT_LOC_STRINGS = YES;
				SWIFT_VERSION = 5.0;
			};
			name = Debug;
		};
		3789E70B2D0AE5CD005C3970 /* Release */ = {
			isa = XCBuildConfiguration;
			buildSettings = {
				ASSETCATALOG_COMPILER_APPICON_NAME = AppIcon;
				ASSETCATALOG_COMPILER_GLOBAL_ACCENT_COLOR_NAME = AccentColor;
				CODE_SIGN_ENTITLEMENTS = "macOS (App)/ClarityTube.entitlements";
				CODE_SIGN_STYLE = Automatic;
				CURRENT_PROJECT_VERSION = 1;
				DEVELOPMENT_TEAM = 3D4Z37YWAJ;
				ENABLE_HARDENED_RUNTIME = YES;
				GENERATE_INFOPLIST_FILE = YES;
				INFOPLIST_KEY_CFBundleDisplayName = ClarityTube;
				INFOPLIST_KEY_NSMainStoryboardFile = Main;
				INFOPLIST_KEY_NSPrincipalClass = NSApplication;
				LD_RUNPATH_SEARCH_PATHS = (
					"$(inherited)",
					"@executable_path/../Frameworks",
				);
				MACOSX_DEPLOYMENT_TARGET = 13.5;
				MARKETING_VERSION = 1.0;
				OTHER_LDFLAGS = (
					"-framework",
					SafariServices,
					"-framework",
					WebKit,
				);
				PRODUCT_BUNDLE_IDENTIFIER = com.ManasGoyal.ClarityTube.ClarityTube;
				PRODUCT_NAME = ClarityTube;
				SDKROOT = macosx;
				SWIFT_EMIT_LOC_STRINGS = YES;
				SWIFT_VERSION = 5.0;
			};
			name = Release;
		};
		3789E70E2D0AE5CD005C3970 /* Debug */ = {
			isa = XCBuildConfiguration;
			buildSettings = {
				ALWAYS_SEARCH_USER_PATHS = NO;
				ASSETCATALOG_COMPILER_GENERATE_SWIFT_ASSET_SYMBOL_EXTENSIONS = YES;
				CLANG_ANALYZER_NONNULL = YES;
				CLANG_ANALYZER_NUMBER_OBJECT_CONVERSION = YES_AGGRESSIVE;
				CLANG_CXX_LANGUAGE_STANDARD = "gnu++20";
				CLANG_ENABLE_MODULES = YES;
				CLANG_ENABLE_OBJC_ARC = YES;
				CLANG_ENABLE_OBJC_WEAK = YES;
				CLANG_WARN_BLOCK_CAPTURE_AUTORELEASING = YES;
				CLANG_WARN_BOOL_CONVERSION = YES;
				CLANG_WARN_COMMA = YES;
				CLANG_WARN_CONSTANT_CONVERSION = YES;
				CLANG_WARN_DEPRECATED_OBJC_IMPLEMENTATIONS = YES;
				CLANG_WARN_DIRECT_OBJC_ISA_USAGE = YES_ERROR;
				CLANG_WARN_DOCUMENTATION_COMMENTS = YES;
				CLANG_WARN_EMPTY_BODY = YES;
				CLANG_WARN_ENUM_CONVERSION = YES;
				CLANG_WARN_INFINITE_RECURSION = YES;
				CLANG_WARN_INT_CONVERSION = YES;
				CLANG_WARN_NON_LITERAL_NULL_CONVERSION = YES;
				CLANG_WARN_OBJC_IMPLICIT_RETAIN_SELF = YES;
				CLANG_WARN_OBJC_LITERAL_CONVERSION = YES;
				CLANG_WARN_OBJC_ROOT_CLASS = YES_ERROR;
				CLANG_WARN_QUOTED_INCLUDE_IN_FRAMEWORK_HEADER = YES;
				CLANG_WARN_RANGE_LOOP_ANALYSIS = YES;
				CLANG_WARN_STRICT_PROTOTYPES = YES;
				CLANG_WARN_SUSPICIOUS_MOVE = YES;
				CLANG_WARN_UNGUARDED_AVAILABILITY = YES_AGGRESSIVE;
				CLANG_WARN_UNREACHABLE_CODE = YES;
				CLANG_WARN__DUPLICATE_METHOD_MATCH = YES;
				COPY_PHASE_STRIP = NO;
				DEBUG_INFORMATION_FORMAT = dwarf;
				ENABLE_STRICT_OBJC_MSGSEND = YES;
				ENABLE_TESTABILITY = YES;
				ENABLE_USER_SCRIPT_SANDBOXING = YES;
				GCC_C_LANGUAGE_STANDARD = gnu17;
				GCC_DYNAMIC_NO_PIC = NO;
				GCC_NO_COMMON_BLOCKS = YES;
				GCC_OPTIMIZATION_LEVEL = 0;
				GCC_PREPROCESSOR_DEFINITIONS = (
					"DEBUG=1",
					"$(inherited)",
				);
				GCC_WARN_64_TO_32_BIT_CONVERSION = YES;
				GCC_WARN_ABOUT_RETURN_TYPE = YES_ERROR;
				GCC_WARN_UNDECLARED_SELECTOR = YES;
				GCC_WARN_UNINITIALIZED_AUTOS = YES_AGGRESSIVE;
				GCC_WARN_UNUSED_FUNCTION = YES;
				GCC_WARN_UNUSED_VARIABLE = YES;
				LOCALIZATION_PREFERS_STRING_CATALOGS = YES;
				MTL_ENABLE_DEBUG_INFO = INCLUDE_SOURCE;
				MTL_FAST_MATH = YES;
				ONLY_ACTIVE_ARCH = YES;
				SWIFT_ACTIVE_COMPILATION_CONDITIONS = "DEBUG $(inherited)";
				SWIFT_OPTIMIZATION_LEVEL = "-Onone";
			};
			name = Debug;
		};
		3789E70F2D0AE5CD005C3970 /* Release */ = {
			isa = XCBuildConfiguration;
			buildSettings = {
				ALWAYS_SEARCH_USER_PATHS = NO;
				ASSETCATALOG_COMPILER_GENERATE_SWIFT_ASSET_SYMBOL_EXTENSIONS = YES;
				CLANG_ANALYZER_NONNULL = YES;
				CLANG_ANALYZER_NUMBER_OBJECT_CONVERSION = YES_AGGRESSIVE;
				CLANG_CXX_LANGUAGE_STANDARD = "gnu++20";
				CLANG_ENABLE_MODULES = YES;
				CLANG_ENABLE_OBJC_ARC = YES;
				CLANG_ENABLE_OBJC_WEAK = YES;
				CLANG_WARN_BLOCK_CAPTURE_AUTORELEASING = YES;
				CLANG_WARN_BOOL_CONVERSION = YES;
				CLANG_WARN_COMMA = YES;
				CLANG_WARN_CONSTANT_CONVERSION = YES;
				CLANG_WARN_DEPRECATED_OBJC_IMPLEMENTATIONS = YES;
				CLANG_WARN_DIRECT_OBJC_ISA_USAGE = YES_ERROR;
				CLANG_WARN_DOCUMENTATION_COMMENTS = YES;
				CLANG_WARN_EMPTY_BODY = YES;
				CLANG_WARN_ENUM_CONVERSION = YES;
				CLANG_WARN_INFINITE_RECURSION = YES;
				CLANG_WARN_INT_CONVERSION = YES;
				CLANG_WARN_NON_LITERAL_NULL_CONVERSION = YES;
				CLANG_WARN_OBJC_IMPLICIT_RETAIN_SELF = YES;
				CLANG_WARN_OBJC_LITERAL_CONVERSION = YES;
				CLANG_WARN_OBJC_ROOT_CLASS = YES_ERROR;
				CLANG_WARN_QUOTED_INCLUDE_IN_FRAMEWORK_HEADER = YES;
				CLANG_WARN_RANGE_LOOP_ANALYSIS = YES;
				CLANG_WARN_STRICT_PROTOTYPES = YES;
				CLANG_WARN_SUSPICIOUS_MOVE = YES;
				CLANG_WARN_UNGUARDED_AVAILABILITY = YES_AGGRESSIVE;
				CLANG_WARN_UNREACHABLE_CODE = YES;
				CLANG_WARN__DUPLICATE_METHOD_MATCH = YES;
				COPY_PHASE_STRIP = NO;
				DEBUG_INFORMATION_FORMAT = "dwarf-with-dsym";
				ENABLE_NS_ASSERTIONS = NO;
				ENABLE_STRICT_OBJC_MSGSEND = YES;
				ENABLE_USER_SCRIPT_SANDBOXING = YES;
				GCC_C_LANGUAGE_STANDARD = gnu17;
				GCC_NO_COMMON_BLOCKS = YES;
				GCC_WARN_64_TO_32_BIT_CONVERSION = YES;
				GCC_WARN_ABOUT_RETURN_TYPE = YES_ERROR;
				GCC_WARN_UNDECLARED_SELECTOR = YES;
				GCC_WARN_UNINITIALIZED_AUTOS = YES_AGGRESSIVE;
				GCC_WARN_UNUSED_FUNCTION = YES;
				GCC_WARN_UNUSED_VARIABLE = YES;
				LOCALIZATION_PREFERS_STRING_CATALOGS = YES;
				MTL_ENABLE_DEBUG_INFO = NO;
				MTL_FAST_MATH = YES;
				SWIFT_COMPILATION_MODE = wholemodule;
			};
			name = Release;
		};
/* End XCBuildConfiguration section */

/* Begin XCConfigurationList section */
		3789E6932D0AE5CB005C3970 /* Build configuration list for PBXProject "ClarityTube" */ = {
			isa = XCConfigurationList;
			buildConfigurations = (
				3789E70E2D0AE5CD005C3970 /* Debug */,
				3789E70F2D0AE5CD005C3970 /* Release */,
			);
			defaultConfigurationIsVisible = 0;
			defaultConfigurationName = Release;
		};
		3789E6FA2D0AE5CD005C3970 /* Build configuration list for PBXNativeTarget "ClarityTube Extension (iOS)" */ = {
			isa = XCConfigurationList;
			buildConfigurations = (
				3789E6FB2D0AE5CD005C3970 /* Debug */,
				3789E6FC2D0AE5CD005C3970 /* Release */,
			);
			defaultConfigurationIsVisible = 0;
			defaultConfigurationName = Release;
		};
		3789E6FF2D0AE5CD005C3970 /* Build configuration list for PBXNativeTarget "ClarityTube (iOS)" */ = {
			isa = XCConfigurationList;
			buildConfigurations = (
				3789E7002D0AE5CD005C3970 /* Debug */,
				3789E7012D0AE5CD005C3970 /* Release */,
			);
			defaultConfigurationIsVisible = 0;
			defaultConfigurationName = Release;
		};
		3789E7042D0AE5CD005C3970 /* Build configuration list for PBXNativeTarget "ClarityTube Extension (macOS)" */ = {
			isa = XCConfigurationList;
			buildConfigurations = (
				3789E7052D0AE5CD005C3970 /* Debug */,
				3789E7062D0AE5CD005C3970 /* Release */,
			);
			defaultConfigurationIsVisible = 0;
			defaultConfigurationName = Release;
		};
		3789E7092D0AE5CD005C3970 /* Build configuration list for PBXNativeTarget "ClarityTube (macOS)" */ = {
			isa = XCConfigurationList;
			buildConfigurations = (
				3789E70A2D0AE5CD005C3970 /* Debug */,
				3789E70B2D0AE5CD005C3970 /* Release */,
			);
			defaultConfigurationIsVisible = 0;
			defaultConfigurationName = Release;
		};
/* End XCConfigurationList section */
	};
	rootObject = 3789E6902D0AE5CB005C3970 /* Project object */;
}
